
Microsoft Visual Studio Solution File, Format Version 12.00
# Visual Studio Version 16
VisualStudioVersion = 16.0.31025.194
MinimumVisualStudioVersion = 10.0.40219.1
Project("{2150E333-8FDC-42A3-9474-1A3956D46DE8}") = "01. Clients", "01. Clients", "{E18B7303-0A56-4D2E-83FA-FE9A778513D6}"
EndProject
Project("{2150E333-8FDC-42A3-9474-1A3956D46DE8}") = "02. Api.Gateways", "02. Api.Gateways", "{D610CFAC-3DE5-4627-AE77-AD847703C475}"
EndProject
Project("{2150E333-8FDC-42A3-9474-1A3956D46DE8}") = "03. Services", "03. Services", "{E5B08001-A836-438A-8A30-8644DCDE9344}"
EndProject
Project("{2150E333-8FDC-42A3-9474-1A3956D46DE8}") = "01. Identity", "01. Identity", "{649C6505-D837-403B-BFD2-7CD3EF0A575B}"
EndProject
Project("{2150E333-8FDC-42A3-9474-1A3956D46DE8}") = "02. Catalog", "02. Catalog", "{70A19C19-5267-436E-8D64-1A37C5272CB2}"
EndProject
Project("{2150E333-8FDC-42A3-9474-1A3956D46DE8}") = "03. Customer", "03. Customer", "{18207B94-9364-42FF-9D04-8B64266915E8}"
EndProject
Project("{2150E333-8FDC-42A3-9474-1A3956D46DE8}") = "04. Order", "04. Order", "{0A121A15-FF44-4661-B546-4BE91A208B8D}"
EndProject
Project("{9A19103F-16F7-4668-BE54-9A1E7A4F7556}") = "Catalog.Api", "src\services\Catalog\Catalog.Api\Catalog.Api.csproj", "{F8D947DB-30D4-4CC0-B879-BDF5937441B3}"
EndProject
Project("{2150E333-8FDC-42A3-9474-1A3956D46DE8}") = "01. Api", "01. Api", "{3C5C5CC4-87F4-4F17-A1AD-C70F63AA222B}"
EndProject
Project("{2150E333-8FDC-42A3-9474-1A3956D46DE8}") = "02. Services", "02. Services", "{76FF9EC5-7981-49FD-8A7A-CD0E394409D6}"
EndProject
Project("{2150E333-8FDC-42A3-9474-1A3956D46DE8}") = "03. Persistance", "03. Persistance", "{DC20FA53-B2BC-491A-B086-D4E7C992395C}"
EndProject
Project("{2150E333-8FDC-42A3-9474-1A3956D46DE8}") = "04. Models", "04. Models", "{03604B36-22A5-4423-BDC5-122D2065B5AF}"
EndProject
Project("{9A19103F-16F7-4668-BE54-9A1E7A4F7556}") = "Catalog.Domain", "src\services\Catalog\Catalog.Domain\Catalog.Domain.csproj", "{E18919B7-1051-4E97-AB8F-5F8B237C1789}"
EndProject
Project("{9A19103F-16F7-4668-BE54-9A1E7A4F7556}") = "Catalog.Persistance.Database", "Catalog.Persistance.Database\Catalog.Persistance.Database.csproj", "{FFBC4F5F-5B99-4936-A4BB-F10BF39EE546}"
EndProject
Project("{9A19103F-16F7-4668-BE54-9A1E7A4F7556}") = "Catalog.Service.Queries", "src\services\Catalog\Catalog.Service.Queries\Catalog.Service.Queries.csproj", "{E6521794-8685-4D19-9889-782D73722FB6}"
EndProject
Project("{2150E333-8FDC-42A3-9474-1A3956D46DE8}") = "Common", "Common", "{0BF1043A-23CA-4702-BD9F-AF3B37986837}"
EndProject
Project("{FAE04EC0-301F-11D3-BF4B-00C04F79EFBC}") = "Service.Common.Collection", "src\services\Common\Service.Common.Collection\Service.Common.Collection.csproj", "{86E370A3-3FF8-4EA1-9980-50078A739182}"
EndProject
Project("{FAE04EC0-301F-11D3-BF4B-00C04F79EFBC}") = "Service.Common.Mapping", "src\services\Common\Service.Common.Mapping\Service.Common.Mapping.csproj", "{6C5EA178-3408-4C0A-8ED4-9044DDE06EDB}"
EndProject
Project("{FAE04EC0-301F-11D3-BF4B-00C04F79EFBC}") = "Service.Common.Paging", "src\services\Common\Service.Common.Paging\Service.Common.Paging.csproj", "{B11B930E-A880-405A-8FB5-C73AA649D6B7}"
EndProject
Global
	GlobalSection(SolutionConfigurationPlatforms) = preSolution
		Debug|Any CPU = Debug|Any CPU
		Release|Any CPU = Release|Any CPU
	EndGlobalSection
	GlobalSection(ProjectConfigurationPlatforms) = postSolution
		{F8D947DB-30D4-4CC0-B879-BDF5937441B3}.Debug|Any CPU.ActiveCfg = Debug|Any CPU
		{F8D947DB-30D4-4CC0-B879-BDF5937441B3}.Debug|Any CPU.Build.0 = Debug|Any CPU
		{F8D947DB-30D4-4CC0-B879-BDF5937441B3}.Release|Any CPU.ActiveCfg = Release|Any CPU
		{F8D947DB-30D4-4CC0-B879-BDF5937441B3}.Release|Any CPU.Build.0 = Release|Any CPU
		{E18919B7-1051-4E97-AB8F-5F8B237C1789}.Debug|Any CPU.ActiveCfg = Debug|Any CPU
		{E18919B7-1051-4E97-AB8F-5F8B237C1789}.Debug|Any CPU.Build.0 = Debug|Any CPU
		{E18919B7-1051-4E97-AB8F-5F8B237C1789}.Release|Any CPU.ActiveCfg = Release|Any CPU
		{E18919B7-1051-4E97-AB8F-5F8B237C1789}.Release|Any CPU.Build.0 = Release|Any CPU
		{FFBC4F5F-5B99-4936-A4BB-F10BF39EE546}.Debug|Any CPU.ActiveCfg = Debug|Any CPU
		{FFBC4F5F-5B99-4936-A4BB-F10BF39EE546}.Debug|Any CPU.Build.0 = Debug|Any CPU
		{FFBC4F5F-5B99-4936-A4BB-F10BF39EE546}.Release|Any CPU.ActiveCfg = Release|Any CPU
		{FFBC4F5F-5B99-4936-A4BB-F10BF39EE546}.Release|Any CPU.Build.0 = Release|Any CPU
		{E6521794-8685-4D19-9889-782D73722FB6}.Debug|Any CPU.ActiveCfg = Debug|Any CPU
		{E6521794-8685-4D19-9889-782D73722FB6}.Debug|Any CPU.Build.0 = Debug|Any CPU
		{E6521794-8685-4D19-9889-782D73722FB6}.Release|Any CPU.ActiveCfg = Release|Any CPU
		{E6521794-8685-4D19-9889-782D73722FB6}.Release|Any CPU.Build.0 = Release|Any CPU
		{86E370A3-3FF8-4EA1-9980-50078A739182}.Debug|Any CPU.ActiveCfg = Debug|Any CPU
		{86E370A3-3FF8-4EA1-9980-50078A739182}.Debug|Any CPU.Build.0 = Debug|Any CPU
		{86E370A3-3FF8-4EA1-9980-50078A739182}.Release|Any CPU.ActiveCfg = Release|Any CPU
		{86E370A3-3FF8-4EA1-9980-50078A739182}.Release|Any CPU.Build.0 = Release|Any CPU
		{6C5EA178-3408-4C0A-8ED4-9044DDE06EDB}.Debug|Any CPU.ActiveCfg = Debug|Any CPU
		{6C5EA178-3408-4C0A-8ED4-9044DDE06EDB}.Debug|Any CPU.Build.0 = Debug|Any CPU
		{6C5EA178-3408-4C0A-8ED4-9044DDE06EDB}.Release|Any CPU.ActiveCfg = Release|Any CPU
		{6C5EA178-3408-4C0A-8ED4-9044DDE06EDB}.Release|Any CPU.Build.0 = Release|Any CPU
		{B11B930E-A880-405A-8FB5-C73AA649D6B7}.Debug|Any CPU.ActiveCfg = Debug|Any CPU
		{B11B930E-A880-405A-8FB5-C73AA649D6B7}.Debug|Any CPU.Build.0 = Debug|Any CPU
		{B11B930E-A880-405A-8FB5-C73AA649D6B7}.Release|Any CPU.ActiveCfg = Release|Any CPU
		{B11B930E-A880-405A-8FB5-C73AA649D6B7}.Release|Any CPU.Build.0 = Release|Any CPU
	EndGlobalSection
	GlobalSection(SolutionProperties) = preSolution
		HideSolutionNode = FALSE
	EndGlobalSection
	GlobalSection(NestedProjects) = preSolution
		{649C6505-D837-403B-BFD2-7CD3EF0A575B} = {E5B08001-A836-438A-8A30-8644DCDE9344}
		{70A19C19-5267-436E-8D64-1A37C5272CB2} = {E5B08001-A836-438A-8A30-8644DCDE9344}
		{18207B94-9364-42FF-9D04-8B64266915E8} = {E5B08001-A836-438A-8A30-8644DCDE9344}
		{0A121A15-FF44-4661-B546-4BE91A208B8D} = {E5B08001-A836-438A-8A30-8644DCDE9344}
		{F8D947DB-30D4-4CC0-B879-BDF5937441B3} = {3C5C5CC4-87F4-4F17-A1AD-C70F63AA222B}
		{3C5C5CC4-87F4-4F17-A1AD-C70F63AA222B} = {70A19C19-5267-436E-8D64-1A37C5272CB2}
		{76FF9EC5-7981-49FD-8A7A-CD0E394409D6} = {70A19C19-5267-436E-8D64-1A37C5272CB2}
		{DC20FA53-B2BC-491A-B086-D4E7C992395C} = {70A19C19-5267-436E-8D64-1A37C5272CB2}
		{03604B36-22A5-4423-BDC5-122D2065B5AF} = {70A19C19-5267-436E-8D64-1A37C5272CB2}
		{E18919B7-1051-4E97-AB8F-5F8B237C1789} = {03604B36-22A5-4423-BDC5-122D2065B5AF}
		{FFBC4F5F-5B99-4936-A4BB-F10BF39EE546} = {DC20FA53-B2BC-491A-B086-D4E7C992395C}
		{E6521794-8685-4D19-9889-782D73722FB6} = {76FF9EC5-7981-49FD-8A7A-CD0E394409D6}
		{0BF1043A-23CA-4702-BD9F-AF3B37986837} = {E5B08001-A836-438A-8A30-8644DCDE9344}
		{86E370A3-3FF8-4EA1-9980-50078A739182} = {0BF1043A-23CA-4702-BD9F-AF3B37986837}
		{6C5EA178-3408-4C0A-8ED4-9044DDE06EDB} = {0BF1043A-23CA-4702-BD9F-AF3B37986837}
		{B11B930E-A880-405A-8FB5-C73AA649D6B7} = {0BF1043A-23CA-4702-BD9F-AF3B37986837}
	EndGlobalSection
	GlobalSection(ExtensibilityGlobals) = postSolution
		SolutionGuid = {90121035-27D4-4211-B946-73EF09F97729}
	EndGlobalSection
EndGlobal
